Microsoft Visual Studio Solution File, Format Version 12.00
# Visual Studio Version 17
VisualStudioVersion = 17.13.35931.197
MinimumVisualStudioVersion = 10.0.40219.1
Project("{FAE04EC0-301F-11D3-BF4B-00C04F79EFBC}") = "Web", "Web\Web\Web.csproj", "{2565EEA2-762F-4290-9E59-64705ED86ED5}"
EndProject
Project("{FAE04EC0-301F-11D3-BF4B-00C04F79EFBC}") = "Web.Client", "Web\Web.Client\Web.Client.csproj", "{AD67B79E-A8B8-403C-B57F-F9942EF7B23A}"
EndProject
Project("{FAE04EC0-301F-11D3-BF4B-00C04F79EFBC}") = "Application", "Application\Application.csproj", "{1519101A-4F81-4C1E-B2B5-73223B25898B}"
EndProject
Project("{FAE04EC0-301F-11D3-BF4B-00C04F79EFBC}") = "Domain", "Domain\Domain.csproj", "{CF8FB4E0-6378-4ED5-8D5C-F269D47AB9C2}"
EndProject
Project("{FAE04EC0-301F-11D3-BF4B-00C04F79EFBC}") = "Infrastructure", "Infrastructure\Infrastructure.csproj", "{E7A3F63E-40B7-4940-9D24-4AEFE4C35975}"
EndProject
Global
	GlobalSection(SolutionConfigurationPlatforms) = preSolution
		Debug|Any CPU = Debug|Any CPU
		Release|Any CPU = Release|Any CPU
	EndGlobalSection
	GlobalSection(ProjectConfigurationPlatforms) = postSolution
		{2565EEA2-762F-4290-9E59-64705ED86ED5}.Debug|Any CPU.ActiveCfg = Debug|Any CPU
		{2565EEA2-762F-4290-9E59-64705ED86ED5}.Debug|Any CPU.Build.0 = Debug|Any CPU
		{2565EEA2-762F-4290-9E59-64705ED86ED5}.Release|Any CPU.ActiveCfg = Release|Any CPU
		{2565EEA2-762F-4290-9E59-64705ED86ED5}.Release|Any CPU.Build.0 = Release|Any CPU
		{AD67B79E-A8B8-403C-B57F-F9942EF7B23A}.Debug|Any CPU.ActiveCfg = Debug|Any CPU
		{AD67B79E-A8B8-403C-B57F-F9942EF7B23A}.Debug|Any CPU.Build.0 = Debug|Any CPU
		{AD67B79E-A8B8-403C-B57F-F9942EF7B23A}.Release|Any CPU.ActiveCfg = Release|Any CPU
		{AD67B79E-A8B8-403C-B57F-F9942EF7B23A}.Release|Any CPU.Build.0 = Release|Any CPU
		{1519101A-4F81-4C1E-B2B5-73223B25898B}.Debug|Any CPU.ActiveCfg = Debug|Any CPU
		{1519101A-4F81-4C1E-B2B5-73223B25898B}.Debug|Any CPU.Build.0 = Debug|Any CPU
		{1519101A-4F81-4C1E-B2B5-73223B25898B}.Release|Any CPU.ActiveCfg = Release|Any CPU
		{1519101A-4F81-4C1E-B2B5-73223B25898B}.Release|Any CPU.Build.0 = Release|Any CPU
		{CF8FB4E0-6378-4ED5-8D5C-F269D47AB9C2}.Debug|Any CPU.ActiveCfg = Debug|Any CPU
		{CF8FB4E0-6378-4ED5-8D5C-F269D47AB9C2}.Debug|Any CPU.Build.0 = Debug|Any CPU
		{CF8FB4E0-6378-4ED5-8D5C-F269D47AB9C2}.Release|Any CPU.ActiveCfg = Release|Any CPU
		{CF8FB4E0-6378-4ED5-8D5C-F269D47AB9C2}.Release|Any CPU.Build.0 = Release|Any CPU
		{E7A3F63E-40B7-4940-9D24-4AEFE4C35975}.Debug|Any CPU.ActiveCfg = Debug|Any CPU
		{E7A3F63E-40B7-4940-9D24-4AEFE4C35975}.Debug|Any CPU.Build.0 = Debug|Any CPU
		{E7A3F63E-40B7-4940-9D24-4AEFE4C35975}.Release|Any CPU.ActiveCfg = Release|Any CPU
		{E7A3F63E-40B7-4940-9D24-4AEFE4C35975}.Release|Any CPU.Build.0 = Release|Any CPU
	EndGlobalSection
	GlobalSection(SolutionProperties) = preSolution
		HideSolutionNode = FALSE
	EndGlobalSection
	GlobalSection(ExtensibilityGlobals) = postSolution
		SolutionGuid = {C66F001D-2A04-40E1-BD44-E92298C7E81F}
	EndGlobalSection
EndGlobal
